// !$*UTF8*$!
{
	archiveVersion = 1;
	classes = {
	};
	objectVersion = 50;
	objects = {

/* Begin PBXBuildFile section */
		675E121726777CE9002E8002 /* UI_237App.swift in Sources */ = {isa = PBXBuildFile; fileRef = 675E121626777CE9002E8002 /* UI_237App.swift */; };
		675E121926777CE9002E8002 /* ContentView.swift in Sources */ = {isa = PBXBuildFile; fileRef = 675E121826777CE9002E8002 /* ContentView.swift */; };
		675E121B26777CEB002E8002 /* Assets.xcassets in Resources */ = {isa = PBXBuildFile; fileRef = 675E121A26777CEB002E8002 /* Assets.xcassets */; };
		675E121E26777CEB002E8002 /* Preview Assets.xcassets in Resources */ = {isa = PBXBuildFile; fileRef = 675E121D26777CEB002E8002 /* Preview Assets.xcassets */; };
		675E122926777CEB002E8002 /* UI_237Tests.swift in Sources */ = {isa = PBXBuildFile; fileRef = 675E122826777CEB002E8002 /* UI_237Tests.swift */; };
		675E123426777CEB002E8002 /* UI_237UITests.swift in Sources */ = {isa = PBXBuildFile; fileRef = 675E123326777CEB002E8002 /* UI_237UITests.swift */; };
		675E124226777D43002E8002 /* Limelight-Regular.ttf in Resources */ = {isa = PBXBuildFile; fileRef = 675E124126777D43002E8002 /* Limelight-Regular.ttf */; };
		675E124526777DCF002E8002 /* Home.swift in Sources */ = {isa = PBXBuildFile; fileRef = 675E124426777DCF002E8002 /* Home.swift */; };
/* End PBXBuildFile section */

/* Begin PBXContainerItemProxy section */
		675E122526777CEB002E8002 /* PBXContainerItemProxy */ = {
			isa = PBXContainerItemProxy;
			containerPortal = 675E120B26777CE9002E8002 /* Project object */;
			proxyType = 1;
			remoteGlobalIDString = 675E121226777CE9002E8002;
			remoteInfo = "UI-237";
		};
		675E123026777CEB002E8002 /* PBXContainerItemProxy */ = {
			isa = PBXContainerItemProxy;
			containerPortal = 675E120B26777CE9002E8002 /* Project object */;
			proxyType = 1;
			remoteGlobalIDString = 675E121226777CE9002E8002;
			remoteInfo = "UI-237";
		};
/* End PBXContainerItemProxy section */

/* Begin PBXFileReference section */
		675E121326777CE9002E8002 /* UI-237.app */ = {isa = PBXFileReference; explicitFileType = wrapper.application; includeInIndex = 0; path = "UI-237.app"; sourceTree = BUILT_PRODUCTS_DIR; };
		675E121626777CE9002E8002 /* UI_237App.swift */ = {isa = PBXFileReference; lastKnownFileType = sourcecode.swift; path = UI_237App.swift; sourceTree = "<group>"; };
		675E121826777CE9002E8002 /* ContentView.swift */ = {isa = PBXFileReference; lastKnownFileType = sourcecode.swift; path = ContentView.swift; sourceTree = "<group>"; };
		675E121A26777CEB002E8002 /* Assets.xcassets */ = {isa = PBXFileReference; lastKnownFileType = folder.assetcatalog; path = Assets.xcassets; sourceTree = "<group>"; };
		675E121D26777CEB002E8002 /* Preview Assets.xcassets */ = {isa = PBXFileReference; lastKnownFileType = folder.assetcatalog; path = "Preview Assets.xcassets"; sourceTree = "<group>"; };
		675E121F26777CEB002E8002 /* Info.plist */ = {isa = PBXFileReference; lastKnownFileType = text.plist.xml; path = Info.plist; sourceTree = "<group>"; };
		675E122426777CEB002E8002 /* UI-237Tests.xctest */ = {isa = PBXFileReference; explicitFileType = wrapper.cfbundle; includeInIndex = 0; path = "UI-237Tests.xctest"; sourceTree = BUILT_PRODUCTS_DIR; };
		675E122826777CEB002E8002 /* UI_237Tests.swift */ = {isa = PBXFileReference; lastKnownFileType = sourcecode.swift; path = UI_237Tests.swift; sourceTree = "<group>"; };
		675E122A26777CEB002E8002 /* Info.plist */ = {isa = PBXFileReference; lastKnownFileType = text.plist.xml; path = Info.plist; sourceTree = "<group>"; };
		675E122F26777CEB002E8002 /* UI-237UITests.xctest */ = {isa = PBXFileReference; explicitFileType = wrapper.cfbundle; includeInIndex = 0; path = "UI-237UITests.xctest"; sourceTree = BUILT_PRODUCTS_DIR; };
		675E123326777CEB002E8002 /* UI_237UITests.swift */ = {isa = PBXFileReference; lastKnownFileType = sourcecode.swift; path = UI_237UITests.swift; sourceTree = "<group>"; };
		675E123526777CEB002E8002 /* Info.plist */ = {isa = PBXFileReference; lastKnownFileType = text.plist.xml; path = Info.plist; sourceTree = "<group>"; };
		675E124126777D43002E8002 /* Limelight-Regular.ttf */ = {isa = PBXFileReference; lastKnownFileType = file; path = "Limelight-Regular.ttf"; sourceTree = "<group>"; };
		675E124426777DCF002E8002 /* Home.swift */ = {isa = PBXFileReference; lastKnownFileType = sourcecode.swift; path = Home.swift; sourceTree = "<group>"; };
/* End PBXFileReference section */

/* Begin PBXFrameworksBuildPhase section */
		675E121026777CE9002E8002 /* Frameworks */ = {
			isa = PBXFrameworksBuildPhase;
			buildActionMask = 2147483647;
			files = (
			);
			runOnlyForDeploymentPostprocessing = 0;
		};
		675E122126777CEB002E8002 /* Frameworks */ = {
			isa = PBXFrameworksBuildPhase;
			buildActionMask = 2147483647;
			files = (
			);
			runOnlyForDeploymentPostprocessing = 0;
		};
		675E122C26777CEB002E8002 /* Frameworks */ = {
			isa = PBXFrameworksBuildPhase;
			buildActionMask = 2147483647;
			files = (
			);
			runOnlyForDeploymentPostprocessing = 0;
		};
/* End PBXFrameworksBuildPhase section */

/* Begin PBXGroup section */
		675E120A26777CE9002E8002 = {
			isa = PBXGroup;
			children = (
				675E121526777CE9002E8002 /* UI-237 */,
				675E122726777CEB002E8002 /* UI-237Tests */,
				675E123226777CEB002E8002 /* UI-237UITests */,
				675E121426777CE9002E8002 /* Products */,
			);
			sourceTree = "<group>";
		};
		675E121426777CE9002E8002 /* Products */ = {
			isa = PBXGroup;
			children = (
				675E121326777CE9002E8002 /* UI-237.app */,
				675E122426777CEB002E8002 /* UI-237Tests.xctest */,
				675E122F26777CEB002E8002 /* UI-237UITests.xctest */,
			);
			name = Products;
			sourceTree = "<group>";
		};
		675E121526777CE9002E8002 /* UI-237 */ = {
			isa = PBXGroup;
			children = (
				675E124326777DBF002E8002 /* View */,
				675E124126777D43002E8002 /* Limelight-Regular.ttf */,
				675E121626777CE9002E8002 /* UI_237App.swift */,
				675E121826777CE9002E8002 /* ContentView.swift */,
				675E121A26777CEB002E8002 /* Assets.xcassets */,
				675E121F26777CEB002E8002 /* Info.plist */,
				675E121C26777CEB002E8002 /* Preview Content */,
			);
			path = "UI-237";
			sourceTree = "<group>";
		};
		675E121C26777CEB002E8002 /* Preview Content */ = {
			isa = PBXGroup;
			children = (
				675E121D26777CEB002E8002 /* Preview Assets.xcassets */,
			);
			path = "Preview Content";
			sourceTree = "<group>";
		};
		675E122726777CEB002E8002 /* UI-237Tests */ = {
			isa = PBXGroup;
			children = (
				675E122826777CEB002E8002 /* UI_237Tests.swift */,
				675E122A26777CEB002E8002 /* Info.plist */,
			);
			path = "UI-237Tests";
			sourceTree = "<group>";
		};
		675E123226777CEB002E8002 /* UI-237UITests */ = {
			isa = PBXGroup;
			children = (
				675E123326777CEB002E8002 /* UI_237UITests.swift */,
				675E123526777CEB002E8002 /* Info.plist */,
			);
			path = "UI-237UITests";
			sourceTree = "<group>";
		};
		675E124326777DBF002E8002 /* View */ = {
			isa = PBXGroup;
			children = (
				675E124426777DCF002E8002 /* Home.swift */,
			);
			path = View;
			sourceTree = "<group>";
		};
/* End PBXGroup section */

/* Begin PBXNativeTarget section */
		675E121226777CE9002E8002 /* UI-237 */ = {
			isa = PBXNativeTarget;
			buildConfigurationList = 675E123826777CEB002E8002 /* Build configuration list for PBXNativeTarget "UI-237" */;
			buildPhases = (
				675E120F26777CE9002E8002 /* Sources */,
				675E121026777CE9002E8002 /* Frameworks */,
				675E121126777CE9002E8002 /* Resources */,
			);
			buildRules = (
			);
			dependencies = (
			);
			name = "UI-237";
			productName = "UI-237";
			productReference = 675E121326777CE9002E8002 /* UI-237.app */;
			productType = "com.apple.product-type.application";
		};
		675E122326777CEB002E8002 /* UI-237Tests */ = {
			isa = PBXNativeTarget;
			buildConfigurationList = 675E123B26777CEB002E8002 /* Build configuration list for PBXNativeTarget "UI-237Tests" */;
			buildPhases = (
				675E122026777CEB002E8002 /* Sources */,
				675E122126777CEB002E8002 /* Frameworks */,
				675E122226777CEB002E8002 /* Resources */,
			);
			buildRules = (
			);
			dependencies = (
				675E122626777CEB002E8002 /* PBXTargetDependency */,
			);
			name = "UI-237Tests";
			productName = "UI-237Tests";
			productReference = 675E122426777CEB002E8002 /* UI-237Tests.xctest */;
			productType = "com.apple.product-type.bundle.unit-test";
		};
		675E122E26777CEB002E8002 /* UI-237UITests */ = {
			isa = PBXNativeTarget;
			buildConfigurationList = 675E123E26777CEB002E8002 /* Build configuration list for PBXNativeTarget "UI-237UITests" */;
			buildPhases = (
				675E122B26777CEB002E8002 /* Sources */,
				675E122C26777CEB002E8002 /* Frameworks */,
				675E122D26777CEB002E8002 /* Resources */,
			);
			buildRules = (
			);
			dependencies = (
				675E123126777CEB002E8002 /* PBXTargetDependency */,
			);
			name = "UI-237UITests";
			productName = "UI-237UITests";
			productReference = 675E122F26777CEB002E8002 /* UI-237UITests.xctest */;
			productType = "com.apple.product-type.bundle.ui-testing";
		};
/* End PBXNativeTarget section */

/* Begin PBXProject section */
		675E120B26777CE9002E8002 /* Project object */ = {
			isa = PBXProject;
			attributes = {
				LastSwiftUpdateCheck = 1250;
				LastUpgradeCheck = 1250;
				TargetAttributes = {
					675E121226777CE9002E8002 = {
						CreatedOnToolsVersion = 12.5;
					};
					675E122326777CEB002E8002 = {
						CreatedOnToolsVersion = 12.5;
						TestTargetID = 675E121226777CE9002E8002;
					};
					675E122E26777CEB002E8002 = {
						CreatedOnToolsVersion = 12.5;
						TestTargetID = 675E121226777CE9002E8002;
					};
				};
			};
			buildConfigurationList = 675E120E26777CE9002E8002 /* Build configuration list for PBXProject "UI-237" */;
			compatibilityVersion = "Xcode 9.3";
			developmentRegion = en;
			hasScannedForEncodings = 0;
			knownRegions = (
				en,
				Base,
			);
			mainGroup = 675E120A26777CE9002E8002;
			productRefGroup = 675E121426777CE9002E8002 /* Products */;
			projectDirPath = "";
			projectRoot = "";
			targets = (
				675E121226777CE9002E8002 /* UI-237 */,
				675E122326777CEB002E8002 /* UI-237Tests */,
				675E122E26777CEB002E8002 /* UI-237UITests */,
			);
		};
/* End PBXProject section */

/* Begin PBXResourcesBuildPhase section */
		675E121126777CE9002E8002 /* Resources */ = {
			isa = PBXResourcesBuildPhase;
			buildActionMask = 2147483647;
			files = (
				675E124226777D43002E8002 /* Limelight-Regular.ttf in Resources */,
				675E121E26777CEB002E8002 /* Preview Assets.xcassets in Resources */,
				675E121B26777CEB002E8002 /* Assets.xcassets in Resources */,
			);
			runOnlyForDeploymentPostprocessing = 0;
		};
		675E122226777CEB002E8002 /* Resources */ = {
			isa = PBXResourcesBuildPhase;
			buildActionMask = 2147483647;
			files = (
			);
			runOnlyForDeploymentPostprocessing = 0;
		};
		675E122D26777CEB002E8002 /* Resources */ = {
			isa = PBXResourcesBuildPhase;
			buildActionMask = 2147483647;
			files = (
			);
			runOnlyForDeploymentPostprocessing = 0;
		};
/* End PBXResourcesBuildPhase section */

/* Begin PBXSourcesBuildPhase section */
		675E120F26777CE9002E8002 /* Sources */ = {
			isa = PBXSourcesBuildPhase;
			buildActionMask = 2147483647;
			files = (
				675E121926777CE9002E8002 /* ContentView.swift in Sources */,
				675E124526777DCF002E8002 /* Home.swift in Sources */,
				675E121726777CE9002E8002 /* UI_237App.swift in Sources */,
			);
			runOnlyForDeploymentPostprocessing = 0;
		};
		675E122026777CEB002E8002 /* Sources */ = {
			isa = PBXSourcesBuildPhase;
			buildActionMask = 2147483647;
			files = (
				675E122926777CEB002E8002 /* UI_237Tests.swift in Sources */,
			);
			runOnlyForDeploymentPostprocessing = 0;
		};
		675E122B26777CEB002E8002 /* Sources */ = {
			isa = PBXSourcesBuildPhase;
			buildActionMask = 2147483647;
			files = (
				675E123426777CEB002E8002 /* UI_237UITests.swift in Sources */,
			);
			runOnlyForDeploymentPostprocessing = 0;
		};
/* End PBXSourcesBuildPhase section */

/* Begin PBXTargetDependency section */
		675E122626777CEB002E8002 /* PBXTargetDependency */ = {
			isa = PBXTargetDependency;
			target = 675E121226777CE9002E8002 /* UI-237 */;
			targetProxy = 675E122526777CEB002E8002 /* PBXContainerItemProxy */;
		};
		675E123126777CEB002E8002 /* PBXTargetDependency */ = {
			isa = PBXTargetDependency;
			target = 675E121226777CE9002E8002 /* UI-237 */;
			targetProxy = 675E123026777CEB002E8002 /* PBXContainerItemProxy */;
		};
/* End PBXTargetDependency section */

/* Begin XCBuildConfiguration section */
		675E123626777CEB002E8002 /* Debug */ = {
			isa = XCBuildConfiguration;
			buildSettings = {
				ALWAYS_SEARCH_USER_PATHS = NO;
				CLANG_ANALYZER_NONNULL = YES;
				CLANG_ANALYZER_NUMBER_OBJECT_CONVERSION = YES_AGGRESSIVE;
				CLANG_CXX_LANGUAGE_STANDARD = "gnu++14";
				CLANG_CXX_LIBRARY = "libc++";
				CLANG_ENABLE_MODULES = YES;
				CLANG_ENABLE_OBJC_ARC = YES;
				CLANG_ENABLE_OBJC_WEAK = YES;
				CLANG_WARN_BLOCK_CAPTURE_AUTORELEASING = YES;
				CLANG_WARN_BOOL_CONVERSION = YES;
				CLANG_WARN_COMMA = YES;
				CLANG_WARN_CONSTANT_CONVERSION = YES;
				CLANG_WARN_DEPRECATED_OBJC_IMPLEMENTATIONS = YES;
				CLANG_WARN_DIRECT_OBJC_ISA_USAGE = YES_ERROR;
				CLANG_WARN_DOCUMENTATION_COMMENTS = YES;
				CLANG_WARN_EMPTY_BODY = YES;
				CLANG_WARN_ENUM_CONVERSION = YES;
				CLANG_WARN_INFINITE_RECURSION = YES;
				CLANG_WARN_INT_CONVERSION = YES;
				CLANG_WARN_NON_LITERAL_NULL_CONVERSION = YES;
				CLANG_WARN_OBJC_IMPLICIT_RETAIN_SELF = YES;
				CLANG_WARN_OBJC_LITERAL_CONVERSION = YES;
				CLANG_WARN_OBJC_ROOT_CLASS = YES_ERROR;
				CLANG_WARN_QUOTED_INCLUDE_IN_FRAMEWORK_HEADER = YES;
				CLANG_WARN_RANGE_LOOP_ANALYSIS = YES;
				CLANG_WARN_STRICT_PROTOTYPES = YES;
				CLANG_WARN_SUSPICIOUS_MOVE = YES;
				CLANG_WARN_UNGUARDED_AVAILABILITY = YES_AGGRESSIVE;
				CLANG_WARN_UNREACHABLE_CODE = YES;
				CLANG_WARN__DUPLICATE_METHOD_MATCH = YES;
				COPY_PHASE_STRIP = NO;
				DEBUG_INFORMATION_FORMAT = dwarf;
				ENABLE_STRICT_OBJC_MSGSEND = YES;
				ENABLE_TESTABILITY = YES;
				GCC_C_LANGUAGE_STANDARD = gnu11;
				GCC_DYNAMIC_NO_PIC = NO;
				GCC_NO_COMMON_BLOCKS = YES;
				GCC_OPTIMIZATION_LEVEL = 0;
				GCC_PREPROCESSOR_DEFINITIONS = (
					"DEBUG=1",
					"$(inherited)",
				);
				GCC_WARN_64_TO_32_BIT_CONVERSION = YES;
				GCC_WARN_ABOUT_RETURN_TYPE = YES_ERROR;
				GCC_WARN_UNDECLARED_SELECTOR = YES;
				GCC_WARN_UNINITIALIZED_AUTOS = YES_AGGRESSIVE;
				GCC_WARN_UNUSED_FUNCTION = YES;
				GCC_WARN_UNUSED_VARIABLE = YES;
				IPHONEOS_DEPLOYMENT_TARGET = 14.5;
				MTL_ENABLE_DEBUG_INFO = INCLUDE_SOURCE;
				MTL_FAST_MATH = YES;
				ONLY_ACTIVE_ARCH = YES;
				SDKROOT = iphoneos;
				SWIFT_ACTIVE_COMPILATION_CONDITIONS = DEBUG;
				SWIFT_OPTIMIZATION_LEVEL = "-Onone";
			};
			name = Debug;
		};
		675E123726777CEB002E8002 /* Release */ = {
			isa = XCBuildConfiguration;
			buildSettings = {
				ALWAYS_SEARCH_USER_PATHS = NO;
				CLANG_ANALYZER_NONNULL = YES;
				CLANG_ANALYZER_NUMBER_OBJECT_CONVERSION = YES_AGGRESSIVE;
				CLANG_CXX_LANGUAGE_STANDARD = "gnu++14";
				CLANG_CXX_LIBRARY = "libc++";
				CLANG_ENABLE_MODULES = YES;
				CLANG_ENABLE_OBJC_ARC = YES;
				CLANG_ENABLE_OBJC_WEAK = YES;
				CLANG_WARN_BLOCK_CAPTURE_AUTORELEASING = YES;
				CLANG_WARN_BOOL_CONVERSION = YES;
				CLANG_WARN_COMMA = YES;
				CLANG_WARN_CONSTANT_CONVERSION = YES;
				CLANG_WARN_DEPRECATED_OBJC_IMPLEMENTATIONS = YES;
				CLANG_WARN_DIRECT_OBJC_ISA_USAGE = YES_ERROR;
				CLANG_WARN_DOCUMENTATION_COMMENTS = YES;
				CLANG_WARN_EMPTY_BODY = YES;
				CLANG_WARN_ENUM_CONVERSION = YES;
				CLANG_WARN_INFINITE_RECURSION = YES;
				CLANG_WARN_INT_CONVERSION = YES;
				CLANG_WARN_NON_LITERAL_NULL_CONVERSION = YES;
				CLANG_WARN_OBJC_IMPLICIT_RETAIN_SELF = YES;
				CLANG_WARN_OBJC_LITERAL_CONVERSION = YES;
				CLANG_WARN_OBJC_ROOT_CLASS = YES_ERROR;
				CLANG_WARN_QUOTED_INCLUDE_IN_FRAMEWORK_HEADER = YES;
				CLANG_WARN_RANGE_LOOP_ANALYSIS = YES;
				CLANG_WARN_STRICT_PROTOTYPES = YES;
				CLANG_WARN_SUSPICIOUS_MOVE = YES;
				CLANG_WARN_UNGUARDED_AVAILABILITY = YES_AGGRESSIVE;
				CLANG_WARN_UNREACHABLE_CODE = YES;
				CLANG_WARN__DUPLICATE_METHOD_MATCH = YES;
				COPY_PHASE_STRIP = NO;
				DEBUG_INFORMATION_FORMAT = "dwarf-with-dsym";
				ENABLE_NS_ASSERTIONS = NO;
				ENABLE_STRICT_OBJC_MSGSEND = YES;
				GCC_C_LANGUAGE_STANDARD = gnu11;
				GCC_NO_COMMON_BLOCKS = YES;
				GCC_WARN_64_TO_32_BIT_CONVERSION = YES;
				GCC_WARN_ABOUT_RETURN_TYPE = YES_ERROR;
				GCC_WARN_UNDECLARED_SELECTOR = YES;
				GCC_WARN_UNINITIALIZED_AUTOS = YES_AGGRESSIVE;
				GCC_WARN_UNUSED_FUNCTION = YES;
				GCC_WARN_UNUSED_VARIABLE = YES;
				IPHONEOS_DEPLOYMENT_TARGET = 14.5;
				MTL_ENABLE_DEBUG_INFO = NO;
				MTL_FAST_MATH = YES;
				SDKROOT = iphoneos;
				SWIFT_COMPILATION_MODE = wholemodule;
				SWIFT_OPTIMIZATION_LEVEL = "-O";
				VALIDATE_PRODUCT = YES;
			};
			name = Release;
		};
		675E123926777CEB002E8002 /* Debug */ = {
			isa = XCBuildConfiguration;
			buildSettings = {
				ASSETCATALOG_COMPILER_APPICON_NAME = AppIcon;
				ASSETCATALOG_COMPILER_GLOBAL_ACCENT_COLOR_NAME = AccentColor;
				CODE_SIGN_STYLE = Automatic;
				DEVELOPMENT_ASSET_PATHS = "\"UI-237/Preview Content\"";
				ENABLE_PREVIEWS = YES;
				INFOPLIST_FILE = "UI-237/Info.plist";
				IPHONEOS_DEPLOYMENT_TARGET = 14.0;
				LD_RUNPATH_SEARCH_PATHS = (
					"$(inherited)",
					"@executable_path/Frameworks",
				);
				PRODUCT_BUNDLE_IDENTIFIER = "com.uzu.UI-237";
				PRODUCT_NAME = "$(TARGET_NAME)";
				SWIFT_VERSION = 5.0;
				TARGETED_DEVICE_FAMILY = "1,2";
			};
			name = Debug;
		};
		675E123A26777CEB002E8002 /* Release */ = {
			isa = XCBuildConfiguration;
			buildSettings = {
				ASSETCATALOG_COMPILER_APPICON_NAME = AppIcon;
				ASSETCATALOG_COMPILER_GLOBAL_ACCENT_COLOR_NAME = AccentColor;
				CODE_SIGN_STYLE = Automatic;
				DEVELOPMENT_ASSET_PATHS = "\"UI-237/Preview Content\"";
				ENABLE_PREVIEWS = YES;
				INFOPLIST_FILE = "UI-237/Info.plist";
				IPHONEOS_DEPLOYMENT_TARGET = 14.0;
				LD_RUNPATH_SEARCH_PATHS = (
					"$(inherited)",
					"@executable_path/Frameworks",
				);
				PRODUCT_BUNDLE_IDENTIFIER = "com.uzu.UI-237";
				PRODUCT_NAME = "$(TARGET_NAME)";
				SWIFT_VERSION = 5.0;
				TARGETED_DEVICE_FAMILY = "1,2";
			};
			name = Release;
		};
		675E123C26777CEB002E8002 /* Debug */ = {
			isa = XCBuildConfiguration;
			buildSettings = {
				ALWAYS_EMBED_SWIFT_STANDARD_LIBRARIES = YES;
				BUNDLE_LOADER = "$(TEST_HOST)";
				CODE_SIGN_STYLE = Automatic;
				INFOPLIST_FILE = "UI-237Tests/Info.plist";
				IPHONEOS_DEPLOYMENT_TARGET = 14.0;
				LD_RUNPATH_SEARCH_PATHS = (
					"$(inherited)",
					"@executable_path/Frameworks",
					"@loader_path/Frameworks",
				);
				PRODUCT_BUNDLE_IDENTIFIER = "com.uzu.UI-237Tests";
				PRODUCT_NAME = "$(TARGET_NAME)";
				SWIFT_VERSION = 5.0;
				TARGETED_DEVICE_FAMILY = "1,2";
				TEST_HOST = "$(BUILT_PRODUCTS_DIR)/UI-237.app/UI-237";
			};
			name = Debug;
		};
		675E123D26777CEB002E8002 /* Release */ = {
			isa = XCBuildConfiguration;
			buildSettings = {
				ALWAYS_EMBED_SWIFT_STANDARD_LIBRARIES = YES;
				BUNDLE_LOADER = "$(TEST_HOST)";
				CODE_SIGN_STYLE = Automatic;
				INFOPLIST_FILE = "UI-237Tests/Info.plist";
				IPHONEOS_DEPLOYMENT_TARGET = 14.0;
				LD_RUNPATH_SEARCH_PATHS = (
					"$(inherited)",
					"@executable_path/Frameworks",
					"@loader_path/Frameworks",
				);
				PRODUCT_BUNDLE_IDENTIFIER = "com.uzu.UI-237Tests";
				PRODUCT_NAME = "$(TARGET_NAME)";
				SWIFT_VERSION = 5.0;
				TARGETED_DEVICE_FAMILY = "1,2";
				TEST_HOST = "$(BUILT_PRODUCTS_DIR)/UI-237.app/UI-237";
			};
			name = Release;
		};
		675E123F26777CEB002E8002 /* Debug */ = {
			isa = XCBuildConfiguration;
			buildSettings = {
				ALWAYS_EMBED_SWIFT_STANDARD_LIBRARIES = YES;
				CODE_SIGN_STYLE = Automatic;
				INFOPLIST_FILE = "UI-237UITests/Info.plist";
				LD_RUNPATH_SEARCH_PATHS = (
					"$(inherited)",
					"@executable_path/Frameworks",
					"@loader_path/Frameworks",
				);
				PRODUCT_BUNDLE_IDENTIFIER = "com.uzu.UI-237UITests";
				PRODUCT_NAME = "$(TARGET_NAME)";
				SWIFT_VERSION = 5.0;
				TARGETED_DEVICE_FAMILY = "1,2";
				TEST_TARGET_NAME = "UI-237";
			};
			name = Debug;
		};
		675E124026777CEB002E8002 /* Release */ = {
			isa = XCBuildConfiguration;
			buildSettings = {
				ALWAYS_EMBED_SWIFT_STANDARD_LIBRARIES = YES;
				CODE_SIGN_STYLE = Automatic;
				INFOPLIST_FILE = "UI-237UITests/Info.plist";
				LD_RUNPATH_SEARCH_PATHS = (
					"$(inherited)",
					"@executable_path/Frameworks",
					"@loader_path/Frameworks",
				);
				PRODUCT_BUNDLE_IDENTIFIER = "com.uzu.UI-237UITests";
				PRODUCT_NAME = "$(TARGET_NAME)";
				SWIFT_VERSION = 5.0;
				TARGETED_DEVICE_FAMILY = "1,2";
				TEST_TARGET_NAME = "UI-237";
			};
			name = Release;
		};
/* End XCBuildConfiguration section */

/* Begin XCConfigurationList section */
		675E120E26777CE9002E8002 /* Build configuration list for PBXProject "UI-237" */ = {
			isa = XCConfigurationList;
			buildConfigurations = (
				675E123626777CEB002E8002 /* Debug */,
				675E123726777CEB002E8002 /* Release */,
			);
			defaultConfigurationIsVisible = 0;
			defaultConfigurationName = Release;
		};
		675E123826777CEB002E8002 /* Build configuration list for PBXNativeTarget "UI-237" */ = {
			isa = XCConfigurationList;
			buildConfigurations = (
				675E123926777CEB002E8002 /* Debug */,
				675E123A26777CEB002E8002 /* Release */,
			);
			defaultConfigurationIsVisible = 0;
			defaultConfigurationName = Release;
		};
		675E123B26777CEB002E8002 /* Build configuration list for PBXNativeTarget "UI-237Tests" */ = {
			isa = XCConfigurationList;
			buildConfigurations = (
				675E123C26777CEB002E8002 /* Debug */,
				675E123D26777CEB002E8002 /* Release */,
			);
			defaultConfigurationIsVisible = 0;
			defaultConfigurationName = Release;
		};
		675E123E26777CEB002E8002 /* Build configuration list for PBXNativeTarget "UI-237UITests" */ = {
			isa = XCConfigurationList;
			buildConfigurations = (
				675E123F26777CEB002E8002 /* Debug */,
				675E124026777CEB002E8002 /* Release */,
			);
			defaultConfigurationIsVisible = 0;
			defaultConfigurationName = Release;
		};
/* End XCConfigurationList section */
	};
	rootObject = 675E120B26777CE9002E8002 /* Project object */;
}
